PODS:
  - camera (0.0.1):
    - Flutter
  - DKImagePickerController/Core (4.3.2):
    - DKImagePickerController/ImageDataManager
    - DKImagePickerController/Resource
  - DKImagePickerController/ImageDataManager (4.3.2)
  - DKImagePickerController/PhotoGallery (4.3.2):
    - DKImagePickerController/Core
    - DKPhotoGallery
  - DKImagePickerController/Resource (4.3.2)
  - DKPhotoGallery (0.0.17):
    - DKPhotoGallery/Core (= 0.0.17)
    - DKPhotoGallery/Model (= 0.0.17)
    - DKPhotoGallery/Preview (= 0.0.17)
    - DKPhotoGallery/Resource (= 0.0.17)
    - SDWebImage
    - SwiftyGif
  - DKPhotoGallery/Core (0.0.17):
    - DKPhotoGallery/Model
    - DKPhotoGallery/Preview
    - SDWebImage
    - SwiftyGif
  - DKPhotoGallery/Model (0.0.17):
    - SDWebImage
    - SwiftyGif
  - DKPhotoGallery/Preview (0.0.17):
    - DKPhotoGallery/Model
    - DKPhotoGallery/Resource
    - SDWebImage
    - SwiftyGif
  - DKPhotoGallery/Resource (0.0.17):
    - SDWebImage
    - SwiftyGif
  - downloads_path_provider_28 (0.0.1):
    - Flutter
  - file_picker (0.0.1):
    - DKImagePickerController/PhotoGallery
    - Flutter
  - Flutter (1.0.0)
  - flutter_money_formatter (0.0.1):
    - Flutter
  - FMDB (2.7.5):
    - FMDB/standard (= 2.7.5)
  - FMDB/SQLCipher (2.7.5):
    - SQLCipher
  - FMDB/standard (2.7.5)
  - "geolocator (5.3.2+2)":
    - Flutter
  - google_maps_flutter (0.0.1):
    - Flutter
    - GoogleMaps
  - google_ml_kit (0.5.1):
    - Flutter
    - GoogleMLKit/BarcodeScanning
    - GoogleMLKit/FaceDetection
    - GoogleMLKit/ImageLabeling
    - GoogleMLKit/ImageLabelingCustom
    - GoogleMLKit/TextRecognition
  - GoogleDataTransport (9.1.0):
    - GoogleUtilities/Environment (~> 7.2)
    - nanopb (~> 2.30908.0)
    - PromisesObjC (< 3.0, >= 1.2)
  - GoogleMaps (5.1.0):
    - GoogleMaps/Maps (= 5.1.0)
  - GoogleMaps/Base (5.1.0)
  - GoogleMaps/Maps (5.1.0):
    - GoogleMaps/Base
  - GoogleMLKit/BarcodeScanning (2.2.0):
    - GoogleMLKit/MLKitCore
    - MLKitBarcodeScanning (~> 1.3.0)
  - GoogleMLKit/FaceDetection (2.2.0):
    - GoogleMLKit/MLKitCore
    - MLKitFaceDetection (~> 1.3.0)
  - GoogleMLKit/ImageLabeling (2.2.0):
    - GoogleMLKit/MLKitCore
    - MLKitImageLabeling (~> 1.3.0)
  - GoogleMLKit/ImageLabelingCustom (2.2.0):
    - GoogleMLKit/MLKitCore
    - MLKitImageLabelingCustom (~> 1.3.0)
  - GoogleMLKit/MLKitCore (2.2.0):
    - MLKitCommon (~> 3.0.0)
  - GoogleMLKit/TextRecognition (2.2.0):
    - GoogleMLKit/MLKitCore
    - MLKitTextRecognition (~> 1.3.0)
  - GoogleToolboxForMac/DebugUtils (2.3.2):
    - GoogleToolboxForMac/Defines (= 2.3.2)
  - GoogleToolboxForMac/Defines (2.3.2)
  - GoogleToolboxForMac/Logger (2.3.2):
    - GoogleToolboxForMac/Defines (= 2.3.2)
  - "GoogleToolboxForMac/NSData+zlib (2.3.2)":
    - GoogleToolboxForMac/Defines (= 2.3.2)
  - "GoogleToolboxForMac/NSDictionary+URLArguments (2.3.2)":
    - GoogleToolboxForMac/DebugUtils (= 2.3.2)
    - GoogleToolboxForMac/Defines (= 2.3.2)
    - "GoogleToolboxForMac/NSString+URLArguments (= 2.3.2)"
  - "GoogleToolboxForMac/NSString+URLArguments (2.3.2)"
  - GoogleUtilities/Environment (7.5.2):
    - PromisesObjC (< 3.0, >= 1.2)
  - GoogleUtilities/Logger (7.5.2):
    - GoogleUtilities/Environment
  - GoogleUtilities/UserDefaults (7.5.2):
    - GoogleUtilities/Logger
  - GoogleUtilitiesComponents (1.0.0):
    - GoogleUtilities/Logger
  - GTMSessionFetcher/Core (1.7.0)
  - "location_permissions (3.0.0+1)":
    - Flutter
  - MLImage (1.0.0-beta1)
  - MLKitBarcodeScanning (1.3.0):
    - MLKitCommon (~> 3.0)
    - MLKitVision (~> 1.3)
  - MLKitCommon (3.0.0):
    - GoogleDataTransport (~> 9.0)
    - GoogleToolboxForMac/Logger (~> 2.1)
    - "GoogleToolboxForMac/NSData+zlib (~> 2.1)"
    - "GoogleToolboxForMac/NSDictionary+URLArguments (~> 2.1)"
    - GoogleUtilities/UserDefaults (~> 7.0)
    - GoogleUtilitiesComponents (~> 1.0)
    - GTMSessionFetcher/Core (~> 1.1)
    - Protobuf (~> 3.12)
  - MLKitFaceDetection (1.3.0):
    - MLKitCommon (~> 3.0)
    - MLKitVision (~> 1.3)
  - MLKitImageLabeling (1.3.0):
    - MLKitCommon (~> 3.0)
    - MLKitImageLabelingCommon (~> 1.3)
    - MLKitVision (~> 1.3)
    - MLKitVisionKit (~> 2.2)
  - MLKitImageLabelingCommon (1.3.0):
    - MLKitCommon (~> 3.0)
    - MLKitVision (~> 1.3)
  - MLKitImageLabelingCustom (1.3.0):
    - MLKitCommon (~> 3.0)
    - MLKitImageLabelingCommon (~> 1.3)
    - MLKitVision (~> 1.3)
    - MLKitVisionKit (~> 2.2)
  - MLKitObjectDetectionCommon (1.3.0):
    - MLKitCommon (~> 3.0)
    - MLKitVision (~> 1.3)
  - MLKitTextRecognition (1.3.0):
    - MLKitCommon (~> 3.0)
    - MLKitVision (~> 1.3)
  - MLKitVision (1.3.0):
    - GoogleToolboxForMac/Logger (~> 2.1)
    - "GoogleToolboxForMac/NSData+zlib (~> 2.1)"
    - GTMSessionFetcher/Core (~> 1.1)
    - MLImage (= 1.0.0-beta1)
    - MLKitCommon (~> 3.0)
    - Protobuf (~> 3.12)
  - MLKitVisionKit (2.2.0):
    - MLKitCommon (~> 3.0)
    - MLKitImageLabelingCommon (~> 1.3)
    - MLKitObjectDetectionCommon (~> 1.3)
    - MLKitVision (~> 1.3)
  - nanopb (2.30908.0):
    - nanopb/decode (= 2.30908.0)
    - nanopb/encode (= 2.30908.0)
  - nanopb/decode (2.30908.0)
  - nanopb/encode (2.30908.0)
  - open_file (0.0.1):
    - Flutter
  - package_info (0.0.1):
    - Flutter
  - path_provider (0.0.1):
    - Flutter
  - "permission_handler (5.1.0+2)":
    - Flutter
  - PromisesObjC (2.0.0)
  - Protobuf (3.18.0)
  - SDWebImage (5.11.1):
    - SDWebImage/Core (= 5.11.1)
  - SDWebImage/Core (5.11.1)
  - shared_preferences (0.0.1):
    - Flutter
  - sqflite (0.0.2):
    - Flutter
    - FMDB (>= 2.7.5)
  - sqflite_sqlcipher (0.0.1):
    - Flutter
    - FMDB/SQLCipher (~> 2.7.5)
    - SQLCipher (= 4.4.2)
  - SQLCipher (4.4.2):
    - SQLCipher/standard (= 4.4.2)
  - SQLCipher/common (4.4.2)
  - SQLCipher/standard (4.4.2):
    - SQLCipher/common
  - SwiftyGif (5.4.0)
  - tflite_flutter (0.1.0):
    - Flutter
  - url_launcher (0.0.1):
    - Flutter
  - video_player (0.0.1):
    - Flutter
  - wakelock (0.0.1):
    - Flutter
  - webview_flutter (0.0.1):
    - Flutter

DEPENDENCIES:
  - camera (from `.symlinks/plugins/camera/ios`)
  - downloads_path_provider_28 (from `.symlinks/plugins/downloads_path_provider_28/ios`)
  - file_picker (from `.symlinks/plugins/file_picker/ios`)
  - Flutter (from `Flutter`)
  - flutter_money_formatter (from `.symlinks/plugins/flutter_money_formatter/ios`)
  - geolocator (from `.symlinks/plugins/geolocator/ios`)
  - google_maps_flutter (from `.symlinks/plugins/google_maps_flutter/ios`)
  - google_ml_kit (from `.symlinks/plugins/google_ml_kit/ios`)
  - location_permissions (from `.symlinks/plugins/location_permissions/ios`)
  - open_file (from `.symlinks/plugins/open_file/ios`)
  - package_info (from `.symlinks/plugins/package_info/ios`)
  - path_provider (from `.symlinks/plugins/path_provider/ios`)
  - permission_handler (from `.symlinks/plugins/permission_handler/ios`)
  - shared_preferences (from `.symlinks/plugins/shared_preferences/ios`)
  - sqflite (from `.symlinks/plugins/sqflite/ios`)
  - sqflite_sqlcipher (from `.symlinks/plugins/sqflite_sqlcipher/ios`)
  - tflite_flutter (from `.symlinks/plugins/tflite_flutter/ios`)
  - url_launcher (from `.symlinks/plugins/url_launcher/ios`)
  - video_player (from `.symlinks/plugins/video_player/ios`)
  - wakelock (from `.symlinks/plugins/wakelock/ios`)
  - webview_flutter (from `.symlinks/plugins/webview_flutter/ios`)

SPEC REPOS:
  trunk:
    - DKImagePickerController
    - DKPhotoGallery
    - FMDB
    - GoogleDataTransport
    - GoogleMaps
    - GoogleMLKit
    - GoogleToolboxForMac
    - GoogleUtilities
    - GoogleUtilitiesComponents
    - GTMSessionFetcher
    - MLImage
    - MLKitBarcodeScanning
    - MLKitCommon
    - MLKitFaceDetection
    - MLKitImageLabeling
    - MLKitImageLabelingCommon
    - MLKitImageLabelingCustom
    - MLKitObjectDetectionCommon
    - MLKitTextRecognition
    - MLKitVision
    - MLKitVisionKit
    - nanopb
    - PromisesObjC
    - Protobuf
    - SDWebImage
    - SQLCipher
    - SwiftyGif

EXTERNAL SOURCES:
  camera:
    :path: ".symlinks/plugins/camera/ios"
  downloads_path_provider_28:
    :path: ".symlinks/plugins/downloads_path_provider_28/ios"
  file_picker:
    :path: ".symlinks/plugins/file_picker/ios"
  Flutter:
    :path: Flutter
  flutter_money_formatter:
    :path: ".symlinks/plugins/flutter_money_formatter/ios"
  geolocator:
    :path: ".symlinks/plugins/geolocator/ios"
  google_maps_flutter:
    :path: ".symlinks/plugins/google_maps_flutter/ios"
  google_ml_kit:
    :path: ".symlinks/plugins/google_ml_kit/ios"
  location_permissions:
    :path: ".symlinks/plugins/location_permissions/ios"
  open_file:
    :path: ".symlinks/plugins/open_file/ios"
  package_info:
    :path: ".symlinks/plugins/package_info/ios"
  path_provider:
    :path: ".symlinks/plugins/path_provider/ios"
  permission_handler:
    :path: ".symlinks/plugins/permission_handler/ios"
  shared_preferences:
    :path: ".symlinks/plugins/shared_preferences/ios"
  sqflite:
    :path: ".symlinks/plugins/sqflite/ios"
  sqflite_sqlcipher:
    :path: ".symlinks/plugins/sqflite_sqlcipher/ios"
  tflite_flutter:
    :path: ".symlinks/plugins/tflite_flutter/ios"
  url_launcher:
    :path: ".symlinks/plugins/url_launcher/ios"
  video_player:
    :path: ".symlinks/plugins/video_player/ios"
  wakelock:
    :path: ".symlinks/plugins/wakelock/ios"
  webview_flutter:
    :path: ".symlinks/plugins/webview_flutter/ios"

SPEC CHECKSUMS:
  camera: 3164201dc344383e62282964016528c4f5a9ad50
  DKImagePickerController: b5eb7f7a388e4643264105d648d01f727110fc3d
  DKPhotoGallery: fdfad5125a9fdda9cc57df834d49df790dbb4179
  downloads_path_provider_28: 7425048683ec0b86238361bd93795e91c2bc61a2
  file_picker: 3e6c3790de664ccf9b882732d9db5eaf6b8d4eb1
  Flutter: 50d75fe2f02b26cc09d224853bb45737f8b3214a
  flutter_money_formatter: d0d18ddc5be333fad8d09964d741b59fa11a91dc
  FMDB: 2ce00b547f966261cd18927a3ddb07cb6f3db82a
  geolocator: f7622e0e7e2a24718285b73916d60c4a54b9f5b6
  google_maps_flutter: 279865bd07e2d8751f43a3bc64bac7f6075d0c93
  google_ml_kit: e59224afa40468a45d43fcc4ded1370fbfe8ee32
  GoogleDataTransport: 85fd18ff3019bb85d3f2c551d04c481dedf71fc9
  GoogleMaps: 086ae1dab659eaa7339bdb30fc88e2f44e7c597c
  GoogleMLKit: 85ffdc9641d05311c76dbba5bbf93059087be12f
  GoogleToolboxForMac: 8bef7c7c5cf7291c687cf5354f39f9db6399ad34
  GoogleUtilities: 8de2a97a17e15b6b98e38e8770e2d129a57c0040
  GoogleUtilitiesComponents: a69c0b3b369ba443e988141e75ef49d9010b1c80
  GTMSessionFetcher: 43748f93435c2aa068b1cbe39655aaf600652e91
  location_permissions: 7e0f9aa0f60deb8ff93ddf0e2a164c7e8197bc94
  MLImage: 647f3d580c10b3c9a3f6154f5d7baead60c42a0c
  MLKitBarcodeScanning: 6b998bd1cfe471ae407a7f647d649494617787c0
  MLKitCommon: 6d6be0a2e9a6340aad1c1f2b9449c11dee8af70f
  MLKitFaceDetection: 897f007aa4eb426ef1bac7c66e5451d02ffc2e83
  MLKitImageLabeling: fc44a4f90b1cf16bcb62c043d477c052ba7539ca
  MLKitImageLabelingCommon: fbe695a04fb236555e6b7e69e7def153a04324c1
  MLKitImageLabelingCustom: 83e609e6b7dd8a16dc8790ef325bab1372d1d91d
  MLKitObjectDetectionCommon: 6abf300c61cd781ee3abc8abea8a3f8baca886dc
  MLKitTextRecognition: fd52b7b3cef00751c202475f5a147e9752130767
  MLKitVision: 26da299aef93291f24f5200e8372919f73abf3b5
  MLKitVisionKit: 226bac429eda1d84285409e31ce9da72606850fb
  nanopb: a0ba3315591a9ae0a16a309ee504766e90db0c96
  open_file: 02eb5cb6b21264bd3a696876f5afbfb7ca4f4b7d
  package_info: 873975fc26034f0b863a300ad47e7f1ac6c7ec62
  path_provider: abfe2b5c733d04e238b0d8691db0cfd63a27a93c
  permission_handler: ccb20a9fad0ee9b1314a52b70b76b473c5f8dab0
  PromisesObjC: 68159ce6952d93e17b2dfe273b8c40907db5ba58
  Protobuf: 1a37ebea1338949e9ac35a3f06e80b3f536eec8d
  SDWebImage: a7f831e1a65eb5e285e3fb046a23fcfbf08e696d
  shared_preferences: af6bfa751691cdc24be3045c43ec037377ada40d
  sqflite: 6d358c025f5b867b29ed92fc697fd34924e11904
  sqflite_sqlcipher: 70eb7fd8d4f0b0352d0bde5cf345b810737f54bb
  SQLCipher: 1ab0b9486a77d141e72e92ff30681926ed79c07a
  SwiftyGif: 5d4af95df24caf1c570dbbcb32a3b8a0763bc6d7
  tflite_flutter: 9157a660578930a99728974f247369af1c3595d5
  url_launcher: 6fef411d543ceb26efce54b05a0a40bfd74cbbef
  video_player: 9cc823b1d9da7e8427ee591e8438bfbcde500e6e
  wakelock: d0fc7c864128eac40eba1617cb5264d9c940b46f
  webview_flutter: 3603125dfd3bcbc9d8d418c3f80aeecf331c068b

PODFILE CHECKSUM: 36893f6eb6dd62ef6bdb6afceb8eecfc5d468160

COCOAPODS: 1.11.2
